
Microsoft Visual Studio Solution File, Format Version 12.00
# Visual Studio Version 17
VisualStudioVersion = 17.11.35222.181
MinimumVisualStudioVersion = 10.0.40219.1
Project("{FAE04EC0-301F-11D3-BF4B-00C04F79EFBC}") = "EnemyEditor", "EnemyEditor\EnemyEditor.csproj", "{1C1653D5-DE38-4FFD-B9C2-7D8804184BAD}"
EndProject
Global
	GlobalSection(SolutionConfigurationPlatforms) = preSolution
		Debug|Any CPU = Debug|Any CPU
		Release|Any CPU = Release|Any CPU
	EndGlobalSection
	GlobalSection(ProjectConfigurationPlatforms) = postSolution
		{1C1653D5-DE38-4FFD-B9C2-7D8804184BAD}.Debug|Any CPU.ActiveCfg = Debug|Any CPU
		{1C1653D5-DE38-4FFD-B9C2-7D8804184BAD}.Debug|Any CPU.Build.0 = Debug|Any CPU
		{1C1653D5-DE38-4FFD-B9C2-7D8804184BAD}.Release|Any CPU.ActiveCfg = Release|Any CPU
		{1C1653D5-DE38-4FFD-B9C2-7D8804184BAD}.Release|Any CPU.Build.0 = Release|Any CPU
	EndGlobalSection
	GlobalSection(SolutionProperties) = preSolution
		HideSolutionNode = FALSE
	EndGlobalSection
	GlobalSection(ExtensibilityGlobals) = postSolution
		SolutionGuid = {0058F8BE-9C6D-4F3C-8CC5-8D0EB0B872E6}
	EndGlobalSection
EndGlobal
